// !$*UTF8*$!
{
	archiveVersion = 1;
	classes = {
	};
	objectVersion = 50;
	objects = {

/* Begin PBXBuildFile section */
		AD422A0326DAD77300BA3331 /* Persistence.swift in Sources */ = {isa = PBXBuildFile; fileRef = AD422A0226DAD77300BA3331 /* Persistence.swift */; };
		AD422A0526DB9CEF00BA3331 /* DButton.swift in Sources */ = {isa = PBXBuildFile; fileRef = AD422A0426DB9CEF00BA3331 /* DButton.swift */; };
		AD422A0726DB9F8100BA3331 /* AmountsList.swift in Sources */ = {isa = PBXBuildFile; fileRef = AD422A0626DB9F8100BA3331 /* AmountsList.swift */; };
		AD422A0926DBB6DA00BA3331 /* CreateAmountView.swift in Sources */ = {isa = PBXBuildFile; fileRef = AD422A0826DBB6DA00BA3331 /* CreateAmountView.swift */; };
		AD5AB6E126DACF2A00B4B138 /* dabit.xcdatamodeld in Sources */ = {isa = PBXBuildFile; fileRef = AD5AB6DF26DACF2A00B4B138 /* dabit.xcdatamodeld */; };
		ADCADDF826DEB5B30076019B /* DebtsListViewModel.swift in Sources */ = {isa = PBXBuildFile; fileRef = ADCADDF726DEB5B30076019B /* DebtsListViewModel.swift */; };
		ADFE6ADC26DABB6400635280 /* ChumbaView.swift in Sources */ = {isa = PBXBuildFile; fileRef = ADFE6ADB26DABB6400635280 /* ChumbaView.swift */; };
		ADFF2A6B26DA7F6F0034B989 /* dabitApp.swift in Sources */ = {isa = PBXBuildFile; fileRef = ADFF2A6A26DA7F6F0034B989 /* dabitApp.swift */; };
		ADFF2A6D26DA7F6F0034B989 /* ContentView.swift in Sources */ = {isa = PBXBuildFile; fileRef = ADFF2A6C26DA7F6F0034B989 /* ContentView.swift */; };
		ADFF2A6F26DA7F700034B989 /* Assets.xcassets in Resources */ = {isa = PBXBuildFile; fileRef = ADFF2A6E26DA7F700034B989 /* Assets.xcassets */; };
		ADFF2A7226DA7F700034B989 /* Preview Assets.xcassets in Resources */ = {isa = PBXBuildFile; fileRef = ADFF2A7126DA7F700034B989 /* Preview Assets.xcassets */; };
		ADFF2A7A26DA83120034B989 /* DebtsListView.swift in Sources */ = {isa = PBXBuildFile; fileRef = ADFF2A7926DA83120034B989 /* DebtsListView.swift */; };
		ADFF2A7C26DA83440034B989 /* SettingsView.swift in Sources */ = {isa = PBXBuildFile; fileRef = ADFF2A7B26DA83440034B989 /* SettingsView.swift */; };
		ADFF2A7E26DA9C240034B989 /* DebtDetailView.swift in Sources */ = {isa = PBXBuildFile; fileRef = ADFF2A7D26DA9C240034B989 /* DebtDetailView.swift */; };
		ADFF2A8226DAA4FB0034B989 /* DebtsListItemView.swift in Sources */ = {isa = PBXBuildFile; fileRef = ADFF2A8126DAA4FB0034B989 /* DebtsListItemView.swift */; };
/* End PBXBuildFile section */

/* Begin PBXFileReference section */
		AD422A0226DAD77300BA3331 /* Persistence.swift */ = {isa = PBXFileReference; lastKnownFileType = sourcecode.swift; path = Persistence.swift; sourceTree = "<group>"; };
		AD422A0426DB9CEF00BA3331 /* DButton.swift */ = {isa = PBXFileReference; lastKnownFileType = sourcecode.swift; path = DButton.swift; sourceTree = "<group>"; };
		AD422A0626DB9F8100BA3331 /* AmountsList.swift */ = {isa = PBXFileReference; lastKnownFileType = sourcecode.swift; path = AmountsList.swift; sourceTree = "<group>"; };
		AD422A0826DBB6DA00BA3331 /* CreateAmountView.swift */ = {isa = PBXFileReference; lastKnownFileType = sourcecode.swift; path = CreateAmountView.swift; sourceTree = "<group>"; };
		AD5AB6E026DACF2A00B4B138 /* dabit.xcdatamodel */ = {isa = PBXFileReference; lastKnownFileType = wrapper.xcdatamodel; path = dabit.xcdatamodel; sourceTree = "<group>"; };
		ADCADDF726DEB5B30076019B /* DebtsListViewModel.swift */ = {isa = PBXFileReference; lastKnownFileType = sourcecode.swift; path = DebtsListViewModel.swift; sourceTree = "<group>"; };
		ADFE6ADB26DABB6400635280 /* ChumbaView.swift */ = {isa = PBXFileReference; lastKnownFileType = sourcecode.swift; path = ChumbaView.swift; sourceTree = "<group>"; };
		ADFF2A6726DA7F6F0034B989 /* dabit.app */ = {isa = PBXFileReference; explicitFileType = wrapper.application; includeInIndex = 0; path = dabit.app; sourceTree = BUILT_PRODUCTS_DIR; };
		ADFF2A6A26DA7F6F0034B989 /* dabitApp.swift */ = {isa = PBXFileReference; lastKnownFileType = sourcecode.swift; path = dabitApp.swift; sourceTree = "<group>"; };
		ADFF2A6C26DA7F6F0034B989 /* ContentView.swift */ = {isa = PBXFileReference; lastKnownFileType = sourcecode.swift; path = ContentView.swift; sourceTree = "<group>"; };
		ADFF2A6E26DA7F700034B989 /* Assets.xcassets */ = {isa = PBXFileReference; lastKnownFileType = folder.assetcatalog; path = Assets.xcassets; sourceTree = "<group>"; };
		ADFF2A7126DA7F700034B989 /* Preview Assets.xcassets */ = {isa = PBXFileReference; lastKnownFileType = folder.assetcatalog; path = "Preview Assets.xcassets"; sourceTree = "<group>"; };
		ADFF2A7326DA7F700034B989 /* Info.plist */ = {isa = PBXFileReference; lastKnownFileType = text.plist.xml; path = Info.plist; sourceTree = "<group>"; };
		ADFF2A7926DA83120034B989 /* DebtsListView.swift */ = {isa = PBXFileReference; lastKnownFileType = sourcecode.swift; path = DebtsListView.swift; sourceTree = "<group>"; };
		ADFF2A7B26DA83440034B989 /* SettingsView.swift */ = {isa = PBXFileReference; lastKnownFileType = sourcecode.swift; path = SettingsView.swift; sourceTree = "<group>"; };
		ADFF2A7D26DA9C240034B989 /* DebtDetailView.swift */ = {isa = PBXFileReference; lastKnownFileType = sourcecode.swift; path = DebtDetailView.swift; sourceTree = "<group>"; };
		ADFF2A8126DAA4FB0034B989 /* DebtsListItemView.swift */ = {isa = PBXFileReference; lastKnownFileType = sourcecode.swift; path = DebtsListItemView.swift; sourceTree = "<group>"; };
/* End PBXFileReference section */

/* Begin PBXFrameworksBuildPhase section */
		ADFF2A6426DA7F6F0034B989 /* Frameworks */ = {
			isa = PBXFrameworksBuildPhase;
			buildActionMask = 2147483647;
			files = (
			);
			runOnlyForDeploymentPostprocessing = 0;
		};
/* End PBXFrameworksBuildPhase section */

/* Begin PBXGroup section */
		AD5AB6D826DAC18100B4B138 /* Debt */ = {
			isa = PBXGroup;
			children = (
				ADFF2A7D26DA9C240034B989 /* DebtDetailView.swift */,
				AD5AB6D926DAC19C00B4B138 /* DebtList */,
			);
			path = Debt;
			sourceTree = "<group>";
		};
		AD5AB6D926DAC19C00B4B138 /* DebtList */ = {
			isa = PBXGroup;
			children = (
				ADFF2A7926DA83120034B989 /* DebtsListView.swift */,
				ADFF2A8126DAA4FB0034B989 /* DebtsListItemView.swift */,
				ADCADDF726DEB5B30076019B /* DebtsListViewModel.swift */,
			);
			path = DebtList;
			sourceTree = "<group>";
		};
		AD5AB6DA26DAC20C00B4B138 /* Settings */ = {
			isa = PBXGroup;
			children = (
				ADFF2A7B26DA83440034B989 /* SettingsView.swift */,
			);
			path = Settings;
			sourceTree = "<group>";
		};
		AD5AB6DB26DAC21C00B4B138 /* components */ = {
			isa = PBXGroup;
			children = (
				ADFE6ADB26DABB6400635280 /* ChumbaView.swift */,
				AD422A0426DB9CEF00BA3331 /* DButton.swift */,
				AD422A0626DB9F8100BA3331 /* AmountsList.swift */,
				AD422A0826DBB6DA00BA3331 /* CreateAmountView.swift */,
			);
			path = components;
			sourceTree = "<group>";
		};
		ADFF2A5E26DA7F6F0034B989 = {
			isa = PBXGroup;
			children = (
				ADFF2A6926DA7F6F0034B989 /* dabit */,
				ADFF2A6826DA7F6F0034B989 /* Products */,
			);
			sourceTree = "<group>";
		};
		ADFF2A6826DA7F6F0034B989 /* Products */ = {
			isa = PBXGroup;
			children = (
				ADFF2A6726DA7F6F0034B989 /* dabit.app */,
			);
			name = Products;
			sourceTree = "<group>";
		};
		ADFF2A6926DA7F6F0034B989 /* dabit */ = {
			isa = PBXGroup;
			children = (
				ADFF2A7026DA7F700034B989 /* Preview Content */,
				AD5AB6DB26DAC21C00B4B138 /* components */,
				AD5AB6DA26DAC20C00B4B138 /* Settings */,
				AD5AB6D826DAC18100B4B138 /* Debt */,
				ADFF2A6E26DA7F700034B989 /* Assets.xcassets */,
				ADFF2A6A26DA7F6F0034B989 /* dabitApp.swift */,
				ADFF2A6C26DA7F6F0034B989 /* ContentView.swift */,
				ADFF2A7326DA7F700034B989 /* Info.plist */,
				AD5AB6DF26DACF2A00B4B138 /* dabit.xcdatamodeld */,
				AD422A0226DAD77300BA3331 /* Persistence.swift */,
			);
			path = dabit;
			sourceTree = "<group>";
		};
		ADFF2A7026DA7F700034B989 /* Preview Content */ = {
			isa = PBXGroup;
			children = (
				ADFF2A7126DA7F700034B989 /* Preview Assets.xcassets */,
			);
			path = "Preview Content";
			sourceTree = "<group>";
		};
/* End PBXGroup section */

/* Begin PBXNativeTarget section */
		ADFF2A6626DA7F6F0034B989 /* dabit */ = {
			isa = PBXNativeTarget;
			buildConfigurationList = ADFF2A7626DA7F700034B989 /* Build configuration list for PBXNativeTarget "dabit" */;
			buildPhases = (
				ADFF2A6326DA7F6F0034B989 /* Sources */,
				ADFF2A6426DA7F6F0034B989 /* Frameworks */,
				ADFF2A6526DA7F6F0034B989 /* Resources */,
			);
			buildRules = (
			);
			dependencies = (
			);
			name = dabit;
			productName = dabit;
			productReference = ADFF2A6726DA7F6F0034B989 /* dabit.app */;
			productType = "com.apple.product-type.application";
		};
/* End PBXNativeTarget section */

/* Begin PBXProject section */
		ADFF2A5F26DA7F6F0034B989 /* Project object */ = {
			isa = PBXProject;
			attributes = {
				LastSwiftUpdateCheck = 1250;
				LastUpgradeCheck = 1250;
				TargetAttributes = {
					ADFF2A6626DA7F6F0034B989 = {
						CreatedOnToolsVersion = 12.5.1;
					};
				};
			};
			buildConfigurationList = ADFF2A6226DA7F6F0034B989 /* Build configuration list for PBXProject "dabit" */;
			compatibilityVersion = "Xcode 9.3";
			developmentRegion = en;
			hasScannedForEncodings = 0;
			knownRegions = (
				en,
				Base,
			);
			mainGroup = ADFF2A5E26DA7F6F0034B989;
			productRefGroup = ADFF2A6826DA7F6F0034B989 /* Products */;
			projectDirPath = "";
			projectRoot = "";
			targets = (
				ADFF2A6626DA7F6F0034B989 /* dabit */,
			);
		};
/* End PBXProject section */

/* Begin PBXResourcesBuildPhase section */
		ADFF2A6526DA7F6F0034B989 /* Resources */ = {
			isa = PBXResourcesBuildPhase;
			buildActionMask = 2147483647;
			files = (
				ADFF2A7226DA7F700034B989 /* Preview Assets.xcassets in Resources */,
				ADFF2A6F26DA7F700034B989 /* Assets.xcassets in Resources */,
			);
			runOnlyForDeploymentPostprocessing = 0;
		};
/* End PBXResourcesBuildPhase section */

/* Begin PBXSourcesBuildPhase section */
		ADFF2A6326DA7F6F0034B989 /* Sources */ = {
			isa = PBXSourcesBuildPhase;
			buildActionMask = 2147483647;
			files = (
				ADFF2A6D26DA7F6F0034B989 /* ContentView.swift in Sources */,
				AD5AB6E126DACF2A00B4B138 /* dabit.xcdatamodeld in Sources */,
				ADFF2A7E26DA9C240034B989 /* DebtDetailView.swift in Sources */,
				ADFF2A7C26DA83440034B989 /* SettingsView.swift in Sources */,
				AD422A0526DB9CEF00BA3331 /* DButton.swift in Sources */,
				ADFF2A8226DAA4FB0034B989 /* DebtsListItemView.swift in Sources */,
				ADFF2A7A26DA83120034B989 /* DebtsListView.swift in Sources */,
				AD422A0726DB9F8100BA3331 /* AmountsList.swift in Sources */,
				ADFE6ADC26DABB6400635280 /* ChumbaView.swift in Sources */,
				ADCADDF826DEB5B30076019B /* DebtsListViewModel.swift in Sources */,
				AD422A0326DAD77300BA3331 /* Persistence.swift in Sources */,
				ADFF2A6B26DA7F6F0034B989 /* dabitApp.swift in Sources */,
				AD422A0926DBB6DA00BA3331 /* CreateAmountView.swift in Sources */,
			);
			runOnlyForDeploymentPostprocessing = 0;
		};
/* End PBXSourcesBuildPhase section */

/* Begin XCBuildConfiguration section */
		ADFF2A7426DA7F700034B989 /* Debug */ = {
			isa = XCBuildConfiguration;
			buildSettings = {
				ALWAYS_SEARCH_USER_PATHS = NO;
				CLANG_ANALYZER_NONNULL = YES;
				CLANG_ANALYZER_NUMBER_OBJECT_CONVERSION = YES_AGGRESSIVE;
				CLANG_CXX_LANGUAGE_STANDARD = "gnu++14";
				CLANG_CXX_LIBRARY = "libc++";
				CLANG_ENABLE_MODULES = YES;
				CLANG_ENABLE_OBJC_ARC = YES;
				CLANG_ENABLE_OBJC_WEAK = YES;
				CLANG_WARN_BLOCK_CAPTURE_AUTORELEASING = YES;
				CLANG_WARN_BOOL_CONVERSION = YES;
				CLANG_WARN_COMMA = YES;
				CLANG_WARN_CONSTANT_CONVERSION = YES;
				CLANG_WARN_DEPRECATED_OBJC_IMPLEMENTATIONS = YES;
				CLANG_WARN_DIRECT_OBJC_ISA_USAGE = YES_ERROR;
				CLANG_WARN_DOCUMENTATION_COMMENTS = YES;
				CLANG_WARN_EMPTY_BODY = YES;
				CLANG_WARN_ENUM_CONVERSION = YES;
				CLANG_WARN_INFINITE_RECURSION = YES;
				CLANG_WARN_INT_CONVERSION = YES;
				CLANG_WARN_NON_LITERAL_NULL_CONVERSION = YES;
				CLANG_WARN_OBJC_IMPLICIT_RETAIN_SELF = YES;
				CLANG_WARN_OBJC_LITERAL_CONVERSION = YES;
				CLANG_WARN_OBJC_ROOT_CLASS = YES_ERROR;
				CLANG_WARN_QUOTED_INCLUDE_IN_FRAMEWORK_HEADER = YES;
				CLANG_WARN_RANGE_LOOP_ANALYSIS = YES;
				CLANG_WARN_STRICT_PROTOTYPES = YES;
				CLANG_WARN_SUSPICIOUS_MOVE = YES;
				CLANG_WARN_UNGUARDED_AVAILABILITY = YES_AGGRESSIVE;
				CLANG_WARN_UNREACHABLE_CODE = YES;
				CLANG_WARN__DUPLICATE_METHOD_MATCH = YES;
				COPY_PHASE_STRIP = NO;
				DEBUG_INFORMATION_FORMAT = dwarf;
				ENABLE_STRICT_OBJC_MSGSEND = YES;
				ENABLE_TESTABILITY = YES;
				GCC_C_LANGUAGE_STANDARD = gnu11;
				GCC_DYNAMIC_NO_PIC = NO;
				GCC_NO_COMMON_BLOCKS = YES;
				GCC_OPTIMIZATION_LEVEL = 0;
				GCC_PREPROCESSOR_DEFINITIONS = (
					"DEBUG=1",
					"$(inherited)",
				);
				GCC_WARN_64_TO_32_BIT_CONVERSION = YES;
				GCC_WARN_ABOUT_RETURN_TYPE = YES_ERROR;
				GCC_WARN_UNDECLARED_SELECTOR = YES;
				GCC_WARN_UNINITIALIZED_AUTOS = YES_AGGRESSIVE;
				GCC_WARN_UNUSED_FUNCTION = YES;
				GCC_WARN_UNUSED_VARIABLE = YES;
				IPHONEOS_DEPLOYMENT_TARGET = 14.5;
				MTL_ENABLE_DEBUG_INFO = INCLUDE_SOURCE;
				MTL_FAST_MATH = YES;
				ONLY_ACTIVE_ARCH = YES;
				SDKROOT = iphoneos;
				SWIFT_ACTIVE_COMPILATION_CONDITIONS = DEBUG;
				SWIFT_OPTIMIZATION_LEVEL = "-Onone";
			};
			name = Debug;
		};
		ADFF2A7526DA7F700034B989 /* Release */ = {
			isa = XCBuildConfiguration;
			buildSettings = {
				ALWAYS_SEARCH_USER_PATHS = NO;
				CLANG_ANALYZER_NONNULL = YES;
				CLANG_ANALYZER_NUMBER_OBJECT_CONVERSION = YES_AGGRESSIVE;
				CLANG_CXX_LANGUAGE_STANDARD = "gnu++14";
				CLANG_CXX_LIBRARY = "libc++";
				CLANG_ENABLE_MODULES = YES;
				CLANG_ENABLE_OBJC_ARC = YES;
				CLANG_ENABLE_OBJC_WEAK = YES;
				CLANG_WARN_BLOCK_CAPTURE_AUTORELEASING = YES;
				CLANG_WARN_BOOL_CONVERSION = YES;
				CLANG_WARN_COMMA = YES;
				CLANG_WARN_CONSTANT_CONVERSION = YES;
				CLANG_WARN_DEPRECATED_OBJC_IMPLEMENTATIONS = YES;
				CLANG_WARN_DIRECT_OBJC_ISA_USAGE = YES_ERROR;
				CLANG_WARN_DOCUMENTATION_COMMENTS = YES;
				CLANG_WARN_EMPTY_BODY = YES;
				CLANG_WARN_ENUM_CONVERSION = YES;
				CLANG_WARN_INFINITE_RECURSION = YES;
				CLANG_WARN_INT_CONVERSION = YES;
				CLANG_WARN_NON_LITERAL_NULL_CONVERSION = YES;
				CLANG_WARN_OBJC_IMPLICIT_RETAIN_SELF = YES;
				CLANG_WARN_OBJC_LITERAL_CONVERSION = YES;
				CLANG_WARN_OBJC_ROOT_CLASS = YES_ERROR;
				CLANG_WARN_QUOTED_INCLUDE_IN_FRAMEWORK_HEADER = YES;
				CLANG_WARN_RANGE_LOOP_ANALYSIS = YES;
				CLANG_WARN_STRICT_PROTOTYPES = YES;
				CLANG_WARN_SUSPICIOUS_MOVE = YES;
				CLANG_WARN_UNGUARDED_AVAILABILITY = YES_AGGRESSIVE;
				CLANG_WARN_UNREACHABLE_CODE = YES;
				CLANG_WARN__DUPLICATE_METHOD_MATCH = YES;
				COPY_PHASE_STRIP = NO;
				DEBUG_INFORMATION_FORMAT = "dwarf-with-dsym";
				ENABLE_NS_ASSERTIONS = NO;
				ENABLE_STRICT_OBJC_MSGSEND = YES;
				GCC_C_LANGUAGE_STANDARD = gnu11;
				GCC_NO_COMMON_BLOCKS = YES;
				GCC_WARN_64_TO_32_BIT_CONVERSION = YES;
				GCC_WARN_ABOUT_RETURN_TYPE = YES_ERROR;
				GCC_WARN_UNDECLARED_SELECTOR = YES;
				GCC_WARN_UNINITIALIZED_AUTOS = YES_AGGRESSIVE;
				GCC_WARN_UNUSED_FUNCTION = YES;
				GCC_WARN_UNUSED_VARIABLE = YES;
				IPHONEOS_DEPLOYMENT_TARGET = 14.5;
				MTL_ENABLE_DEBUG_INFO = NO;
				MTL_FAST_MATH = YES;
				SDKROOT = iphoneos;
				SWIFT_COMPILATION_MODE = wholemodule;
				SWIFT_OPTIMIZATION_LEVEL = "-O";
				VALIDATE_PRODUCT = YES;
			};
			name = Release;
		};
		ADFF2A7726DA7F700034B989 /* Debug */ = {
			isa = XCBuildConfiguration;
			buildSettings = {
				ASSETCATALOG_COMPILER_APPICON_NAME = AppIcon;
				ASSETCATALOG_COMPILER_GLOBAL_ACCENT_COLOR_NAME = AccentColor;
				CODE_SIGN_STYLE = Automatic;
				DEVELOPMENT_ASSET_PATHS = "\"dabit/Preview Content\"";
				DEVELOPMENT_TEAM = 4ELJE6AR9P;
				ENABLE_PREVIEWS = YES;
				INFOPLIST_FILE = dabit/Info.plist;
				IPHONEOS_DEPLOYMENT_TARGET = 14.0;
				LD_RUNPATH_SEARCH_PATHS = (
					"$(inherited)",
					"@executable_path/Frameworks",
				);
				PRODUCT_BUNDLE_IDENTIFIER = com.gebeto.dabit.dabit;
				PRODUCT_NAME = "$(TARGET_NAME)";
				SWIFT_VERSION = 5.0;
				TARGETED_DEVICE_FAMILY = "1,2";
			};
			name = Debug;
		};
		ADFF2A7826DA7F700034B989 /* Release */ = {
			isa = XCBuildConfiguration;
			buildSettings = {
				ASSETCATALOG_COMPILER_APPICON_NAME = AppIcon;
				ASSETCATALOG_COMPILER_GLOBAL_ACCENT_COLOR_NAME = AccentColor;
				CODE_SIGN_STYLE = Automatic;
				DEVELOPMENT_ASSET_PATHS = "\"dabit/Preview Content\"";
				DEVELOPMENT_TEAM = 4ELJE6AR9P;
				ENABLE_PREVIEWS = YES;
				INFOPLIST_FILE = dabit/Info.plist;
				IPHONEOS_DEPLOYMENT_TARGET = 14.0;
				LD_RUNPATH_SEARCH_PATHS = (
					"$(inherited)",
					"@executable_path/Frameworks",
				);
				PRODUCT_BUNDLE_IDENTIFIER = com.gebeto.dabit.dabit;
				PRODUCT_NAME = "$(TARGET_NAME)";
				SWIFT_VERSION = 5.0;
				TARGETED_DEVICE_FAMILY = "1,2";
			};
			name = Release;
		};
/* End XCBuildConfiguration section */

/* Begin XCConfigurationList section */
		ADFF2A6226DA7F6F0034B989 /* Build configuration list for PBXProject "dabit" */ = {
			isa = XCConfigurationList;
			buildConfigurations = (
				ADFF2A7426DA7F700034B989 /* Debug */,
				ADFF2A7526DA7F700034B989 /* Release */,
			);
			defaultConfigurationIsVisible = 0;
			defaultConfigurationName = Release;
		};
		ADFF2A7626DA7F700034B989 /* Build configuration list for PBXNativeTarget "dabit" */ = {
			isa = XCConfigurationList;
			buildConfigurations = (
				ADFF2A7726DA7F700034B989 /* Debug */,
				ADFF2A7826DA7F700034B989 /* Release */,
			);
			defaultConfigurationIsVisible = 0;
			defaultConfigurationName = Release;
		};
/* End XCConfigurationList section */

/* Begin XCVersionGroup section */
		AD5AB6DF26DACF2A00B4B138 /* dabit.xcdatamodeld */ = {
			isa = XCVersionGroup;
			children = (
				AD5AB6E026DACF2A00B4B138 /* dabit.xcdatamodel */,
			);
			currentVersion = AD5AB6E026DACF2A00B4B138 /* dabit.xcdatamodel */;
			path = dabit.xcdatamodeld;
			sourceTree = "<group>";
			versionGroupType = wrapper.xcdatamodel;
		};
/* End XCVersionGroup section */
	};
	rootObject = ADFF2A5F26DA7F6F0034B989 /* Project object */;
}
